
Microsoft Visual Studio Solution File, Format Version 12.00
# Visual Studio Version 17
VisualStudioVersion = 17.1.32414.318
MinimumVisualStudioVersion = 10.0.40219.1
Project("{8BC9CEB8-8B4A-11D0-8D11-00A0C91BC942}") = "WLAV", "WLAV\WLAV.vcxproj", "{630E6B6A-CF45-4823-9DA9-0D3905B85F65}"
EndProject
Global
	GlobalSection(SolutionConfigurationPlatforms) = preSolution
		Debug|x64 = Debug|x64
		Release|x64 = Release|x64
	EndGlobalSection
	GlobalSection(ProjectConfigurationPlatforms) = postSolution
		{630E6B6A-CF45-4823-9DA9-0D3905B85F65}.Debug|x64.ActiveCfg = Debug|x64
		{630E6B6A-CF45-4823-9DA9-0D3905B85F65}.Debug|x64.Build.0 = Debug|x64
		{630E6B6A-CF45-4823-9DA9-0D3905B85F65}.Release|x64.ActiveCfg = Release|x64
		{630E6B6A-CF45-4823-9DA9-0D3905B85F65}.Release|x64.Build.0 = Release|x64
	EndGlobalSection
	GlobalSection(SolutionProperties) = preSolution
		HideSolutionNode = FALSE
	EndGlobalSection
	GlobalSection(ExtensibilityGlobals) = postSolution
		SolutionGuid = {B2E79204-CE36-4603-9D89-EDE03375E106}
	EndGlobalSection
EndGlobal
